// !$*UTF8*$!
{
	archiveVersion = 1;
	classes = {
	};
	objectVersion = 50;
	objects = {

/* Begin PBXBuildFile section */
		311D903C21C4BD570049F4F9 /* AppDelegate.swift in Sources */ = {isa = PBXBuildFile; fileRef = 311D903B21C4BD570049F4F9 /* AppDelegate.swift */; };
		311D903E21C4BD570049F4F9 /* ViewController.swift in Sources */ = {isa = PBXBuildFile; fileRef = 311D903D21C4BD570049F4F9 /* ViewController.swift */; };
		311D904321C4BD590049F4F9 /* Assets.xcassets in Resources */ = {isa = PBXBuildFile; fileRef = 311D904221C4BD590049F4F9 /* Assets.xcassets */; };
		311D904621C4BD590049F4F9 /* LaunchScreen.storyboard in Resources */ = {isa = PBXBuildFile; fileRef = 311D904421C4BD590049F4F9 /* LaunchScreen.storyboard */; };
		311D905121C4BD590049F4F9 /* ViewControllerUITests.swift in Sources */ = {isa = PBXBuildFile; fileRef = 311D905021C4BD590049F4F9 /* ViewControllerUITests.swift */; };
/* End PBXBuildFile section */

/* Begin PBXContainerItemProxy section */
		311D904D21C4BD590049F4F9 /* PBXContainerItemProxy */ = {
			isa = PBXContainerItemProxy;
			containerPortal = 311D903021C4BD570049F4F9 /* Project object */;
			proxyType = 1;
			remoteGlobalIDString = 311D903721C4BD570049F4F9;
			remoteInfo = UITestSample;
		};
/* End PBXContainerItemProxy section */

/* Begin PBXFileReference section */
		311D903821C4BD570049F4F9 /* UITestSample.app */ = {isa = PBXFileReference; explicitFileType = wrapper.application; includeInIndex = 0; path = UITestSample.app; sourceTree = BUILT_PRODUCTS_DIR; };
		311D903B21C4BD570049F4F9 /* AppDelegate.swift */ = {isa = PBXFileReference; lastKnownFileType = sourcecode.swift; path = AppDelegate.swift; sourceTree = "<group>"; };
		311D903D21C4BD570049F4F9 /* ViewController.swift */ = {isa = PBXFileReference; lastKnownFileType = sourcecode.swift; path = ViewController.swift; sourceTree = "<group>"; };
		311D904221C4BD590049F4F9 /* Assets.xcassets */ = {isa = PBXFileReference; lastKnownFileType = folder.assetcatalog; path = Assets.xcassets; sourceTree = "<group>"; };
		311D904521C4BD590049F4F9 /* Base */ = {isa = PBXFileReference; lastKnownFileType = file.storyboard; name = Base; path = Base.lproj/LaunchScreen.storyboard; sourceTree = "<group>"; };
		311D904721C4BD590049F4F9 /* Info.plist */ = {isa = PBXFileReference; lastKnownFileType = text.plist.xml; path = Info.plist; sourceTree = "<group>"; };
		311D904C21C4BD590049F4F9 /* UITestSampleUITests.xctest */ = {isa = PBXFileReference; explicitFileType = wrapper.cfbundle; includeInIndex = 0; path = UITestSampleUITests.xctest; sourceTree = BUILT_PRODUCTS_DIR; };
		311D905021C4BD590049F4F9 /* ViewControllerUITests.swift */ = {isa = PBXFileReference; lastKnownFileType = sourcecode.swift; path = ViewControllerUITests.swift; sourceTree = "<group>"; };
		311D905221C4BD590049F4F9 /* Info.plist */ = {isa = PBXFileReference; lastKnownFileType = text.plist.xml; path = Info.plist; sourceTree = "<group>"; };
/* End PBXFileReference section */

/* Begin PBXFrameworksBuildPhase section */
		311D903521C4BD570049F4F9 /* Frameworks */ = {
			isa = PBXFrameworksBuildPhase;
			buildActionMask = 2147483647;
			files = (
			);
			runOnlyForDeploymentPostprocessing = 0;
		};
		311D904921C4BD590049F4F9 /* Frameworks */ = {
			isa = PBXFrameworksBuildPhase;
			buildActionMask = 2147483647;
			files = (
			);
			runOnlyForDeploymentPostprocessing = 0;
		};
/* End PBXFrameworksBuildPhase section */

/* Begin PBXGroup section */
		311D902F21C4BD570049F4F9 = {
			isa = PBXGroup;
			children = (
				311D903A21C4BD570049F4F9 /* UITestSample */,
				311D904F21C4BD590049F4F9 /* UITestSampleUITests */,
				311D903921C4BD570049F4F9 /* Products */,
			);
			sourceTree = "<group>";
		};
		311D903921C4BD570049F4F9 /* Products */ = {
			isa = PBXGroup;
			children = (
				311D903821C4BD570049F4F9 /* UITestSample.app */,
				311D904C21C4BD590049F4F9 /* UITestSampleUITests.xctest */,
			);
			name = Products;
			sourceTree = "<group>";
		};
		311D903A21C4BD570049F4F9 /* UITestSample */ = {
			isa = PBXGroup;
			children = (
				311D903B21C4BD570049F4F9 /* AppDelegate.swift */,
				311D903D21C4BD570049F4F9 /* ViewController.swift */,
				311D904221C4BD590049F4F9 /* Assets.xcassets */,
				311D904421C4BD590049F4F9 /* LaunchScreen.storyboard */,
				311D904721C4BD590049F4F9 /* Info.plist */,
			);
			path = UITestSample;
			sourceTree = "<group>";
		};
		311D904F21C4BD590049F4F9 /* UITestSampleUITests */ = {
			isa = PBXGroup;
			children = (
				311D905021C4BD590049F4F9 /* ViewControllerUITests.swift */,
				311D905221C4BD590049F4F9 /* Info.plist */,
			);
			path = UITestSampleUITests;
			sourceTree = "<group>";
		};
/* End PBXGroup section */

/* Begin PBXNativeTarget section */
		311D903721C4BD570049F4F9 /* UITestSample */ = {
			isa = PBXNativeTarget;
			buildConfigurationList = 311D905521C4BD590049F4F9 /* Build configuration list for PBXNativeTarget "UITestSample" */;
			buildPhases = (
				311D903421C4BD570049F4F9 /* Sources */,
				311D903521C4BD570049F4F9 /* Frameworks */,
				311D903621C4BD570049F4F9 /* Resources */,
			);
			buildRules = (
			);
			dependencies = (
			);
			name = UITestSample;
			productName = UITestSample;
			productReference = 311D903821C4BD570049F4F9 /* UITestSample.app */;
			productType = "com.apple.product-type.application";
		};
		311D904B21C4BD590049F4F9 /* UITestSampleUITests */ = {
			isa = PBXNativeTarget;
			buildConfigurationList = 311D905821C4BD590049F4F9 /* Build configuration list for PBXNativeTarget "UITestSampleUITests" */;
			buildPhases = (
				311D904821C4BD590049F4F9 /* Sources */,
				311D904921C4BD590049F4F9 /* Frameworks */,
				311D904A21C4BD590049F4F9 /* Resources */,
			);
			buildRules = (
			);
			dependencies = (
				311D904E21C4BD590049F4F9 /* PBXTargetDependency */,
			);
			name = UITestSampleUITests;
			productName = UITestSampleUITests;
			productReference = 311D904C21C4BD590049F4F9 /* UITestSampleUITests.xctest */;
			productType = "com.apple.product-type.bundle.ui-testing";
		};
/* End PBXNativeTarget section */

/* Begin PBXProject section */
		311D903021C4BD570049F4F9 /* Project object */ = {
			isa = PBXProject;
			attributes = {
				LastSwiftUpdateCheck = 1010;
				LastUpgradeCheck = 1010;
				ORGANIZATIONNAME = "Yasuyuki Someya";
				TargetAttributes = {
					311D903721C4BD570049F4F9 = {
						CreatedOnToolsVersion = 10.1;
					};
					311D904B21C4BD590049F4F9 = {
						CreatedOnToolsVersion = 10.1;
						TestTargetID = 311D903721C4BD570049F4F9;
					};
				};
			};
			buildConfigurationList = 311D903321C4BD570049F4F9 /* Build configuration list for PBXProject "UITestSample" */;
			compatibilityVersion = "Xcode 9.3";
			developmentRegion = en;
			hasScannedForEncodings = 0;
			knownRegions = (
				en,
				Base,
			);
			mainGroup = 311D902F21C4BD570049F4F9;
			productRefGroup = 311D903921C4BD570049F4F9 /* Products */;
			projectDirPath = "";
			projectRoot = "";
			targets = (
				311D903721C4BD570049F4F9 /* UITestSample */,
				311D904B21C4BD590049F4F9 /* UITestSampleUITests */,
			);
		};
/* End PBXProject section */

/* Begin PBXResourcesBuildPhase section */
		311D903621C4BD570049F4F9 /* Resources */ = {
			isa = PBXResourcesBuildPhase;
			buildActionMask = 2147483647;
			files = (
				311D904621C4BD590049F4F9 /* LaunchScreen.storyboard in Resources */,
				311D904321C4BD590049F4F9 /* Assets.xcassets in Resources */,
			);
			runOnlyForDeploymentPostprocessing = 0;
		};
		311D904A21C4BD590049F4F9 /* Resources */ = {
			isa = PBXResourcesBuildPhase;
			buildActionMask = 2147483647;
			files = (
			);
			runOnlyForDeploymentPostprocessing = 0;
		};
/* End PBXResourcesBuildPhase section */

/* Begin PBXSourcesBuildPhase section */
		311D903421C4BD570049F4F9 /* Sources */ = {
			isa = PBXSourcesBuildPhase;
			buildActionMask = 2147483647;
			files = (
				311D903E21C4BD570049F4F9 /* ViewController.swift in Sources */,
				311D903C21C4BD570049F4F9 /* AppDelegate.swift in Sources */,
			);
			runOnlyForDeploymentPostprocessing = 0;
		};
		311D904821C4BD590049F4F9 /* Sources */ = {
			isa = PBXSourcesBuildPhase;
			buildActionMask = 2147483647;
			files = (
				311D905121C4BD590049F4F9 /* ViewControllerUITests.swift in Sources */,
			);
			runOnlyForDeploymentPostprocessing = 0;
		};
/* End PBXSourcesBuildPhase section */

/* Begin PBXTargetDependency section */
		311D904E21C4BD590049F4F9 /* PBXTargetDependency */ = {
			isa = PBXTargetDependency;
			target = 311D903721C4BD570049F4F9 /* UITestSample */;
			targetProxy = 311D904D21C4BD590049F4F9 /* PBXContainerItemProxy */;
		};
/* End PBXTargetDependency section */

/* Begin PBXVariantGroup section */
		311D904421C4BD590049F4F9 /* LaunchScreen.storyboard */ = {
			isa = PBXVariantGroup;
			children = (
				311D904521C4BD590049F4F9 /* Base */,
			);
			name = LaunchScreen.storyboard;
			sourceTree = "<group>";
		};
/* End PBXVariantGroup section */

/* Begin XCBuildConfiguration section */
		311D905321C4BD590049F4F9 /* Debug */ = {
			isa = XCBuildConfiguration;
			buildSettings = {
				ALWAYS_SEARCH_USER_PATHS = NO;
				CLANG_ANALYZER_NONNULL = YES;
				CLANG_ANALYZER_NUMBER_OBJECT_CONVERSION = YES_AGGRESSIVE;
				CLANG_CXX_LANGUAGE_STANDARD = "gnu++14";
				CLANG_CXX_LIBRARY = "libc++";
				CLANG_ENABLE_MODULES = YES;
				CLANG_ENABLE_OBJC_ARC = YES;
				CLANG_ENABLE_OBJC_WEAK = YES;
				CLANG_WARN_BLOCK_CAPTURE_AUTORELEASING = YES;
				CLANG_WARN_BOOL_CONVERSION = YES;
				CLANG_WARN_COMMA = YES;
				CLANG_WARN_CONSTANT_CONVERSION = YES;
				CLANG_WARN_DEPRECATED_OBJC_IMPLEMENTATIONS = YES;
				CLANG_WARN_DIRECT_OBJC_ISA_USAGE = YES_ERROR;
				CLANG_WARN_DOCUMENTATION_COMMENTS = YES;
				CLANG_WARN_EMPTY_BODY = YES;
				CLANG_WARN_ENUM_CONVERSION = YES;
				CLANG_WARN_INFINITE_RECURSION = YES;
				CLANG_WARN_INT_CONVERSION = YES;
				CLANG_WARN_NON_LITERAL_NULL_CONVERSION = YES;
				CLANG_WARN_OBJC_IMPLICIT_RETAIN_SELF = YES;
				CLANG_WARN_OBJC_LITERAL_CONVERSION = YES;
				CLANG_WARN_OBJC_ROOT_CLASS = YES_ERROR;
				CLANG_WARN_RANGE_LOOP_ANALYSIS = YES;
				CLANG_WARN_STRICT_PROTOTYPES = YES;
				CLANG_WARN_SUSPICIOUS_MOVE = YES;
				CLANG_WARN_UNGUARDED_AVAILABILITY = YES_AGGRESSIVE;
				CLANG_WARN_UNREACHABLE_CODE = YES;
				CLANG_WARN__DUPLICATE_METHOD_MATCH = YES;
				CODE_SIGN_IDENTITY = "iPhone Developer";
				COPY_PHASE_STRIP = NO;
				DEBUG_INFORMATION_FORMAT = dwarf;
				ENABLE_STRICT_OBJC_MSGSEND = YES;
				ENABLE_TESTABILITY = YES;
				GCC_C_LANGUAGE_STANDARD = gnu11;
				GCC_DYNAMIC_NO_PIC = NO;
				GCC_NO_COMMON_BLOCKS = YES;
				GCC_OPTIMIZATION_LEVEL = 0;
				GCC_PREPROCESSOR_DEFINITIONS = (
					"DEBUG=1",
					"$(inherited)",
				);
				GCC_WARN_64_TO_32_BIT_CONVERSION = YES;
				GCC_WARN_ABOUT_RETURN_TYPE = YES_ERROR;
				GCC_WARN_UNDECLARED_SELECTOR = YES;
				GCC_WARN_UNINITIALIZED_AUTOS = YES_AGGRESSIVE;
				GCC_WARN_UNUSED_FUNCTION = YES;
				GCC_WARN_UNUSED_VARIABLE = YES;
				IPHONEOS_DEPLOYMENT_TARGET = 12.1;
				MTL_ENABLE_DEBUG_INFO = INCLUDE_SOURCE;
				MTL_FAST_MATH = YES;
				ONLY_ACTIVE_ARCH = YES;
				SDKROOT = iphoneos;
				SWIFT_ACTIVE_COMPILATION_CONDITIONS = DEBUG;
				SWIFT_OPTIMIZATION_LEVEL = "-Onone";
			};
			name = Debug;
		};
		311D905421C4BD590049F4F9 /* Release */ = {
			isa = XCBuildConfiguration;
			buildSettings = {
				ALWAYS_SEARCH_USER_PATHS = NO;
				CLANG_ANALYZER_NONNULL = YES;
				CLANG_ANALYZER_NUMBER_OBJECT_CONVERSION = YES_AGGRESSIVE;
				CLANG_CXX_LANGUAGE_STANDARD = "gnu++14";
				CLANG_CXX_LIBRARY = "libc++";
				CLANG_ENABLE_MODULES = YES;
				CLANG_ENABLE_OBJC_ARC = YES;
				CLANG_ENABLE_OBJC_WEAK = YES;
				CLANG_WARN_BLOCK_CAPTURE_AUTORELEASING = YES;
				CLANG_WARN_BOOL_CONVERSION = YES;
				CLANG_WARN_COMMA = YES;
				CLANG_WARN_CONSTANT_CONVERSION = YES;
				CLANG_WARN_DEPRECATED_OBJC_IMPLEMENTATIONS = YES;
				CLANG_WARN_DIRECT_OBJC_ISA_USAGE = YES_ERROR;
				CLANG_WARN_DOCUMENTATION_COMMENTS = YES;
				CLANG_WARN_EMPTY_BODY = YES;
				CLANG_WARN_ENUM_CONVERSION = YES;
				CLANG_WARN_INFINITE_RECURSION = YES;
				CLANG_WARN_INT_CONVERSION = YES;
				CLANG_WARN_NON_LITERAL_NULL_CONVERSION = YES;
				CLANG_WARN_OBJC_IMPLICIT_RETAIN_SELF = YES;
				CLANG_WARN_OBJC_LITERAL_CONVERSION = YES;
				CLANG_WARN_OBJC_ROOT_CLASS = YES_ERROR;
				CLANG_WARN_RANGE_LOOP_ANALYSIS = YES;
				CLANG_WARN_STRICT_PROTOTYPES = YES;
				CLANG_WARN_SUSPICIOUS_MOVE = YES;
				CLANG_WARN_UNGUARDED_AVAILABILITY = YES_AGGRESSIVE;
				CLANG_WARN_UNREACHABLE_CODE = YES;
				CLANG_WARN__DUPLICATE_METHOD_MATCH = YES;
				CODE_SIGN_IDENTITY = "iPhone Developer";
				COPY_PHASE_STRIP = NO;
				DEBUG_INFORMATION_FORMAT = "dwarf-with-dsym";
				ENABLE_NS_ASSERTIONS = NO;
				ENABLE_STRICT_OBJC_MSGSEND = YES;
				GCC_C_LANGUAGE_STANDARD = gnu11;
				GCC_NO_COMMON_BLOCKS = YES;
				GCC_WARN_64_TO_32_BIT_CONVERSION = YES;
				GCC_WARN_ABOUT_RETURN_TYPE = YES_ERROR;
				GCC_WARN_UNDECLARED_SELECTOR = YES;
				GCC_WARN_UNINITIALIZED_AUTOS = YES_AGGRESSIVE;
				GCC_WARN_UNUSED_FUNCTION = YES;
				GCC_WARN_UNUSED_VARIABLE = YES;
				IPHONEOS_DEPLOYMENT_TARGET = 12.1;
				MTL_ENABLE_DEBUG_INFO = NO;
				MTL_FAST_MATH = YES;
				SDKROOT = iphoneos;
				SWIFT_COMPILATION_MODE = wholemodule;
				SWIFT_OPTIMIZATION_LEVEL = "-O";
				VALIDATE_PRODUCT = YES;
			};
			name = Release;
		};
		311D905621C4BD590049F4F9 /* Debug */ = {
			isa = XCBuildConfiguration;
			buildSettings = {
				ASSETCATALOG_COMPILER_APPICON_NAME = AppIcon;
				CODE_SIGN_STYLE = Automatic;
				DEVELOPMENT_TEAM = T97E8ZWW3A;
				INFOPLIST_FILE = UITestSample/Info.plist;
				LD_RUNPATH_SEARCH_PATHS = (
					"$(inherited)",
					"@executable_path/Frameworks",
				);
				PRODUCT_BUNDLE_IDENTIFIER = com.gmail.ysome1971.UITestSample;
				PRODUCT_NAME = "$(TARGET_NAME)";
				SWIFT_VERSION = 4.2;
				TARGETED_DEVICE_FAMILY = "1,2";
			};
			name = Debug;
		};
		311D905721C4BD590049F4F9 /* Release */ = {
			isa = XCBuildConfiguration;
			buildSettings = {
				ASSETCATALOG_COMPILER_APPICON_NAME = AppIcon;
				CODE_SIGN_STYLE = Automatic;
				DEVELOPMENT_TEAM = T97E8ZWW3A;
				INFOPLIST_FILE = UITestSample/Info.plist;
				LD_RUNPATH_SEARCH_PATHS = (
					"$(inherited)",
					"@executable_path/Frameworks",
				);
				PRODUCT_BUNDLE_IDENTIFIER = com.gmail.ysome1971.UITestSample;
				PRODUCT_NAME = "$(TARGET_NAME)";
				SWIFT_VERSION = 4.2;
				TARGETED_DEVICE_FAMILY = "1,2";
			};
			name = Release;
		};
		311D905921C4BD590049F4F9 /* Debug */ = {
			isa = XCBuildConfiguration;
			buildSettings = {
				ALWAYS_EMBED_SWIFT_STANDARD_LIBRARIES = YES;
				CODE_SIGN_STYLE = Automatic;
				DEVELOPMENT_TEAM = T97E8ZWW3A;
				INFOPLIST_FILE = UITestSampleUITests/Info.plist;
				LD_RUNPATH_SEARCH_PATHS = (
					"$(inherited)",
					"@executable_path/Frameworks",
					"@loader_path/Frameworks",
				);
				PRODUCT_BUNDLE_IDENTIFIER = com.gmail.ysome1971.UITestSampleUITests;
				PRODUCT_NAME = "$(TARGET_NAME)";
				SWIFT_VERSION = 4.2;
				TARGETED_DEVICE_FAMILY = "1,2";
				TEST_TARGET_NAME = UITestSample;
			};
			name = Debug;
		};
		311D905A21C4BD590049F4F9 /* Release */ = {
			isa = XCBuildConfiguration;
			buildSettings = {
				ALWAYS_EMBED_SWIFT_STANDARD_LIBRARIES = YES;
				CODE_SIGN_STYLE = Automatic;
				DEVELOPMENT_TEAM = T97E8ZWW3A;
				INFOPLIST_FILE = UITestSampleUITests/Info.plist;
				LD_RUNPATH_SEARCH_PATHS = (
					"$(inherited)",
					"@executable_path/Frameworks",
					"@loader_path/Frameworks",
				);
				PRODUCT_BUNDLE_IDENTIFIER = com.gmail.ysome1971.UITestSampleUITests;
				PRODUCT_NAME = "$(TARGET_NAME)";
				SWIFT_VERSION = 4.2;
				TARGETED_DEVICE_FAMILY = "1,2";
				TEST_TARGET_NAME = UITestSample;
			};
			name = Release;
		};
/* End XCBuildConfiguration section */

/* Begin XCConfigurationList section */
		311D903321C4BD570049F4F9 /* Build configuration list for PBXProject "UITestSample" */ = {
			isa = XCConfigurationList;
			buildConfigurations = (
				311D905321C4BD590049F4F9 /* Debug */,
				311D905421C4BD590049F4F9 /* Release */,
			);
			defaultConfigurationIsVisible = 0;
			defaultConfigurationName = Release;
		};
		311D905521C4BD590049F4F9 /* Build configuration list for PBXNativeTarget "UITestSample" */ = {
			isa = XCConfigurationList;
			buildConfigurations = (
				311D905621C4BD590049F4F9 /* Debug */,
				311D905721C4BD590049F4F9 /* Release */,
			);
			defaultConfigurationIsVisible = 0;
			defaultConfigurationName = Release;
		};
		311D905821C4BD590049F4F9 /* Build configuration list for PBXNativeTarget "UITestSampleUITests" */ = {
			isa = XCConfigurationList;
			buildConfigurations = (
				311D905921C4BD590049F4F9 /* Debug */,
				311D905A21C4BD590049F4F9 /* Release */,
			);
			defaultConfigurationIsVisible = 0;
			defaultConfigurationName = Release;
		};
/* End XCConfigurationList section */
	};
	rootObject = 311D903021C4BD570049F4F9 /* Project object */;
}
